
Microsoft Visual Studio Solution File, Format Version 12.00
# Visual Studio Version 17
VisualStudioVersion = 17.7.34024.191
MinimumVisualStudioVersion = 10.0.40219.1
Project("{8BC9CEB8-8B4A-11D0-8D11-00A0C91BC942}") = "Project3", "Project3\Project3.vcxproj", "{473F0301-2072-45A0-B38C-098C6DC46425}"
EndProject
Global
	GlobalSection(SolutionConfigurationPlatforms) = preSolution
		Debug|x64 = Debug|x64
		Debug|x86 = Debug|x86
		Release|x64 = Release|x64
		Release|x86 = Release|x86
	EndGlobalSection
	GlobalSection(ProjectConfigurationPlatforms) = postSolution
		{473F0301-2072-45A0-B38C-098C6DC46425}.Debug|x64.ActiveCfg = Debug|x64
		{473F0301-2072-45A0-B38C-098C6DC46425}.Debug|x64.Build.0 = Debug|x64
		{473F0301-2072-45A0-B38C-098C6DC46425}.Debug|x86.ActiveCfg = Debug|Win32
		{473F0301-2072-45A0-B38C-098C6DC46425}.Debug|x86.Build.0 = Debug|Win32
		{473F0301-2072-45A0-B38C-098C6DC46425}.Release|x64.ActiveCfg = Release|x64
		{473F0301-2072-45A0-B38C-098C6DC46425}.Release|x64.Build.0 = Release|x64
		{473F0301-2072-45A0-B38C-098C6DC46425}.Release|x86.ActiveCfg = Release|Win32
		{473F0301-2072-45A0-B38C-098C6DC46425}.Release|x86.Build.0 = Release|Win32
	EndGlobalSection
	GlobalSection(SolutionProperties) = preSolution
		HideSolutionNode = FALSE
	EndGlobalSection
	GlobalSection(ExtensibilityGlobals) = postSolution
		SolutionGuid = {FF7A361C-2553-4620-A1A9-E3D552A3D7CC}
	EndGlobalSection
EndGlobal
